{
  "pins" : [
    {
      "identity" : "player-sdk-ios",
      "kind" : "remoteSourceControl",
      "location" : "https://github.com/dailymotion/player-sdk-ios",
      "state" : {
        "revision" : "b94159732a13bc4272524bf22d743d8e760ad931",
        "version" : "0.1.3"
      }
    }
  ],
  "version" : 2
}
