{
  "pins" : [
    {
      "identity" : "player-sdk-ios",
      "kind" : "remoteSourceControl",
      "location" : "https://github.com/dailymotion/player-sdk-ios",
      "state" : {
        "branch" : "alpha",
        "revision" : "b6adbc25b648fb6511309737805459384d9292a1"
      }
    }
  ],
  "version" : 2
}
