{
  "pins" : [
    {
      "identity" : "player-sdk-ios",
      "kind" : "remoteSourceControl",
      "location" : "https://github.com/dailymotion/player-sdk-ios",
      "state" : {
        "revision" : "0a2faee053f214ae5b84bcaeea4c4aee323a233e",
        "version" : "1.1.0"
      }
    }
  ],
  "version" : 2
}
