{
  "pins" : [
    {
      "identity" : "player-sdk-ios",
      "kind" : "remoteSourceControl",
      "location" : "https://github.com/dailymotion/player-sdk-ios",
      "state" : {
        "branch" : "alpha",
        "revision" : "4548d1f520e1705032209a52497f5b95a5b6e4f6"
      }
    }
  ],
  "version" : 2
}
