// !$*UTF8*$!
{
	archiveVersion = 1;
	classes = {
	};
	objectVersion = 55;
	objects = {

/* Begin PBXBuildFile section */
		540B1EAE283268C2008DB71C /* AppDelegate.swift in Sources */ = {isa = PBXBuildFile; fileRef = 540B1EAD283268C2008DB71C /* AppDelegate.swift */; };
		540B1EB0283268C2008DB71C /* SceneDelegate.swift in Sources */ = {isa = PBXBuildFile; fileRef = 540B1EAF283268C2008DB71C /* SceneDelegate.swift */; };
		540B1EB2283268C2008DB71C /* ViewController.swift in Sources */ = {isa = PBXBuildFile; fileRef = 540B1EB1283268C2008DB71C /* ViewController.swift */; };
		540B1EB5283268C2008DB71C /* Main.storyboard in Resources */ = {isa = PBXBuildFile; fileRef = 540B1EB3283268C2008DB71C /* Main.storyboard */; };
		540B1EB7283268C7008DB71C /* Assets.xcassets in Resources */ = {isa = PBXBuildFile; fileRef = 540B1EB6283268C7008DB71C /* Assets.xcassets */; };
		540B1EBA283268C7008DB71C /* LaunchScreen.storyboard in Resources */ = {isa = PBXBuildFile; fileRef = 540B1EB8283268C7008DB71C /* LaunchScreen.storyboard */; };
		5454B3D128CA13B20028ED95 /* DailymotionPlayerSDK in Frameworks */ = {isa = PBXBuildFile; productRef = 5454B3D028CA13B20028ED95 /* DailymotionPlayerSDK */; };
		54A4E9E92844F29E00F1A372 /* McPicker.swift in Sources */ = {isa = PBXBuildFile; fileRef = 54A4E9E42844F29D00F1A372 /* McPicker.swift */; };
		54A4E9EA2844F29E00F1A372 /* McPickerBarButtonItem.swift in Sources */ = {isa = PBXBuildFile; fileRef = 54A4E9E52844F29E00F1A372 /* McPickerBarButtonItem.swift */; };
		54A4E9EB2844F29E00F1A372 /* McTextField.swift in Sources */ = {isa = PBXBuildFile; fileRef = 54A4E9E62844F29E00F1A372 /* McTextField.swift */; };
		54A4E9EC2844F29E00F1A372 /* McPickerPopoverViewController.swift in Sources */ = {isa = PBXBuildFile; fileRef = 54A4E9E72844F29E00F1A372 /* McPickerPopoverViewController.swift */; };
		54A4E9ED2844F29E00F1A372 /* .gitkeep in Resources */ = {isa = PBXBuildFile; fileRef = 54A4E9E82844F29E00F1A372 /* .gitkeep */; };
/* End PBXBuildFile section */

/* Begin PBXCopyFilesBuildPhase section */
		540F05B42840C2AF0094ECB4 /* Embed Frameworks */ = {
			isa = PBXCopyFilesBuildPhase;
			buildActionMask = 2147483647;
			dstPath = "";
			dstSubfolderSpec = 10;
			files = (
			);
			name = "Embed Frameworks";
			runOnlyForDeploymentPostprocessing = 0;
		};
/* End PBXCopyFilesBuildPhase section */

/* Begin PBXFileReference section */
		540B1EAA283268C2008DB71C /* AdvancedExample.app */ = {isa = PBXFileReference; explicitFileType = wrapper.application; includeInIndex = 0; path = AdvancedExample.app; sourceTree = BUILT_PRODUCTS_DIR; };
		540B1EAD283268C2008DB71C /* AppDelegate.swift */ = {isa = PBXFileReference; lastKnownFileType = sourcecode.swift; path = AppDelegate.swift; sourceTree = "<group>"; };
		540B1EAF283268C2008DB71C /* SceneDelegate.swift */ = {isa = PBXFileReference; lastKnownFileType = sourcecode.swift; path = SceneDelegate.swift; sourceTree = "<group>"; };
		540B1EB1283268C2008DB71C /* ViewController.swift */ = {isa = PBXFileReference; lastKnownFileType = sourcecode.swift; path = ViewController.swift; sourceTree = "<group>"; };
		540B1EB4283268C2008DB71C /* Base */ = {isa = PBXFileReference; lastKnownFileType = file.storyboard; name = Base; path = Base.lproj/Main.storyboard; sourceTree = "<group>"; };
		540B1EB6283268C7008DB71C /* Assets.xcassets */ = {isa = PBXFileReference; lastKnownFileType = folder.assetcatalog; path = Assets.xcassets; sourceTree = "<group>"; };
		540B1EB9283268C7008DB71C /* Base */ = {isa = PBXFileReference; lastKnownFileType = file.storyboard; name = Base; path = Base.lproj/LaunchScreen.storyboard; sourceTree = "<group>"; };
		540B1EBB283268C7008DB71C /* Info.plist */ = {isa = PBXFileReference; lastKnownFileType = text.plist.xml; path = Info.plist; sourceTree = "<group>"; };
		54A4E9E42844F29D00F1A372 /* McPicker.swift */ = {isa = PBXFileReference; fileEncoding = 4; lastKnownFileType = sourcecode.swift; path = McPicker.swift; sourceTree = "<group>"; };
		54A4E9E52844F29E00F1A372 /* McPickerBarButtonItem.swift */ = {isa = PBXFileReference; fileEncoding = 4; lastKnownFileType = sourcecode.swift; path = McPickerBarButtonItem.swift; sourceTree = "<group>"; };
		54A4E9E62844F29E00F1A372 /* McTextField.swift */ = {isa = PBXFileReference; fileEncoding = 4; lastKnownFileType = sourcecode.swift; path = McTextField.swift; sourceTree = "<group>"; };
		54A4E9E72844F29E00F1A372 /* McPickerPopoverViewController.swift */ = {isa = PBXFileReference; fileEncoding = 4; lastKnownFileType = sourcecode.swift; path = McPickerPopoverViewController.swift; sourceTree = "<group>"; };
		54A4E9E82844F29E00F1A372 /* .gitkeep */ = {isa = PBXFileReference; fileEncoding = 4; lastKnownFileType = text; path = .gitkeep; sourceTree = "<group>"; };
/* End PBXFileReference section */

/* Begin PBXFrameworksBuildPhase section */
		540B1EA7283268C2008DB71C /* Frameworks */ = {
			isa = PBXFrameworksBuildPhase;
			buildActionMask = 2147483647;
			files = (
				5454B3D128CA13B20028ED95 /* DailymotionPlayerSDK in Frameworks */,
			);
			runOnlyForDeploymentPostprocessing = 0;
		};
/* End PBXFrameworksBuildPhase section */

/* Begin PBXGroup section */
		540B1EA1283268C2008DB71C = {
			isa = PBXGroup;
			children = (
				540B1EAC283268C2008DB71C /* AdvancedExample */,
				54A4E9E22844F29D00F1A372 /* McPicker */,
				540B1EAB283268C2008DB71C /* Products */,
			);
			sourceTree = "<group>";
		};
		540B1EAB283268C2008DB71C /* Products */ = {
			isa = PBXGroup;
			children = (
				540B1EAA283268C2008DB71C /* AdvancedExample.app */,
			);
			name = Products;
			sourceTree = "<group>";
		};
		540B1EAC283268C2008DB71C /* AdvancedExample */ = {
			isa = PBXGroup;
			children = (
				540B1EAD283268C2008DB71C /* AppDelegate.swift */,
				540B1EAF283268C2008DB71C /* SceneDelegate.swift */,
				540B1EB1283268C2008DB71C /* ViewController.swift */,
				540B1EB3283268C2008DB71C /* Main.storyboard */,
				540B1EB6283268C7008DB71C /* Assets.xcassets */,
				540B1EB8283268C7008DB71C /* LaunchScreen.storyboard */,
				540B1EBB283268C7008DB71C /* Info.plist */,
			);
			path = AdvancedExample;
			sourceTree = "<group>";
		};
		54A4E9E22844F29D00F1A372 /* McPicker */ = {
			isa = PBXGroup;
			children = (
				54A4E9E32844F29D00F1A372 /* Classes */,
			);
			name = McPicker;
			path = AdvancedExample/McPicker;
			sourceTree = "<group>";
		};
		54A4E9E32844F29D00F1A372 /* Classes */ = {
			isa = PBXGroup;
			children = (
				54A4E9E42844F29D00F1A372 /* McPicker.swift */,
				54A4E9E52844F29E00F1A372 /* McPickerBarButtonItem.swift */,
				54A4E9E62844F29E00F1A372 /* McTextField.swift */,
				54A4E9E72844F29E00F1A372 /* McPickerPopoverViewController.swift */,
				54A4E9E82844F29E00F1A372 /* .gitkeep */,
			);
			path = Classes;
			sourceTree = "<group>";
		};
/* End PBXGroup section */

/* Begin PBXNativeTarget section */
		540B1EA9283268C2008DB71C /* AdvancedExample */ = {
			isa = PBXNativeTarget;
			buildConfigurationList = 540B1EBE283268C7008DB71C /* Build configuration list for PBXNativeTarget "AdvancedExample" */;
			buildPhases = (
				540B1EA6283268C2008DB71C /* Sources */,
				540B1EA7283268C2008DB71C /* Frameworks */,
				540B1EA8283268C2008DB71C /* Resources */,
				540F05B42840C2AF0094ECB4 /* Embed Frameworks */,
			);
			buildRules = (
			);
			dependencies = (
			);
			name = AdvancedExample;
			packageProductDependencies = (
				5454B3D028CA13B20028ED95 /* DailymotionPlayerSDK */,
			);
			productName = AdvancedExample;
			productReference = 540B1EAA283268C2008DB71C /* AdvancedExample.app */;
			productType = "com.apple.product-type.application";
		};
/* End PBXNativeTarget section */

/* Begin PBXProject section */
		540B1EA2283268C2008DB71C /* Project object */ = {
			isa = PBXProject;
			attributes = {
				BuildIndependentTargetsInParallel = 1;
				LastSwiftUpdateCheck = 1330;
				LastUpgradeCheck = 1330;
				TargetAttributes = {
					540B1EA9283268C2008DB71C = {
						CreatedOnToolsVersion = 13.3.1;
					};
				};
			};
			buildConfigurationList = 540B1EA5283268C2008DB71C /* Build configuration list for PBXProject "AdvancedExample" */;
			compatibilityVersion = "Xcode 13.0";
			developmentRegion = en;
			hasScannedForEncodings = 0;
			knownRegions = (
				en,
				Base,
			);
			mainGroup = 540B1EA1283268C2008DB71C;
			packageReferences = (
				5454B3CF28CA13B20028ED95 /* XCRemoteSwiftPackageReference "player-sdk-ios" */,
			);
			productRefGroup = 540B1EAB283268C2008DB71C /* Products */;
			projectDirPath = "";
			projectRoot = "";
			targets = (
				540B1EA9283268C2008DB71C /* AdvancedExample */,
			);
		};
/* End PBXProject section */

/* Begin PBXResourcesBuildPhase section */
		540B1EA8283268C2008DB71C /* Resources */ = {
			isa = PBXResourcesBuildPhase;
			buildActionMask = 2147483647;
			files = (
				540B1EBA283268C7008DB71C /* LaunchScreen.storyboard in Resources */,
				540B1EB7283268C7008DB71C /* Assets.xcassets in Resources */,
				540B1EB5283268C2008DB71C /* Main.storyboard in Resources */,
				54A4E9ED2844F29E00F1A372 /* .gitkeep in Resources */,
			);
			runOnlyForDeploymentPostprocessing = 0;
		};
/* End PBXResourcesBuildPhase section */

/* Begin PBXSourcesBuildPhase section */
		540B1EA6283268C2008DB71C /* Sources */ = {
			isa = PBXSourcesBuildPhase;
			buildActionMask = 2147483647;
			files = (
				54A4E9EA2844F29E00F1A372 /* McPickerBarButtonItem.swift in Sources */,
				540B1EB2283268C2008DB71C /* ViewController.swift in Sources */,
				540B1EAE283268C2008DB71C /* AppDelegate.swift in Sources */,
				54A4E9EB2844F29E00F1A372 /* McTextField.swift in Sources */,
				540B1EB0283268C2008DB71C /* SceneDelegate.swift in Sources */,
				54A4E9E92844F29E00F1A372 /* McPicker.swift in Sources */,
				54A4E9EC2844F29E00F1A372 /* McPickerPopoverViewController.swift in Sources */,
			);
			runOnlyForDeploymentPostprocessing = 0;
		};
/* End PBXSourcesBuildPhase section */

/* Begin PBXVariantGroup section */
		540B1EB3283268C2008DB71C /* Main.storyboard */ = {
			isa = PBXVariantGroup;
			children = (
				540B1EB4283268C2008DB71C /* Base */,
			);
			name = Main.storyboard;
			sourceTree = "<group>";
		};
		540B1EB8283268C7008DB71C /* LaunchScreen.storyboard */ = {
			isa = PBXVariantGroup;
			children = (
				540B1EB9283268C7008DB71C /* Base */,
			);
			name = LaunchScreen.storyboard;
			sourceTree = "<group>";
		};
/* End PBXVariantGroup section */

/* Begin XCBuildConfiguration section */
		540B1EBC283268C7008DB71C /* Debug */ = {
			isa = XCBuildConfiguration;
			buildSettings = {
				ALWAYS_SEARCH_USER_PATHS = NO;
				CLANG_ANALYZER_NONNULL = YES;
				CLANG_ANALYZER_NUMBER_OBJECT_CONVERSION = YES_AGGRESSIVE;
				CLANG_CXX_LANGUAGE_STANDARD = "gnu++17";
				CLANG_ENABLE_MODULES = YES;
				CLANG_ENABLE_OBJC_ARC = YES;
				CLANG_ENABLE_OBJC_WEAK = YES;
				CLANG_WARN_BLOCK_CAPTURE_AUTORELEASING = YES;
				CLANG_WARN_BOOL_CONVERSION = YES;
				CLANG_WARN_COMMA = YES;
				CLANG_WARN_CONSTANT_CONVERSION = YES;
				CLANG_WARN_DEPRECATED_OBJC_IMPLEMENTATIONS = YES;
				CLANG_WARN_DIRECT_OBJC_ISA_USAGE = YES_ERROR;
				CLANG_WARN_DOCUMENTATION_COMMENTS = YES;
				CLANG_WARN_EMPTY_BODY = YES;
				CLANG_WARN_ENUM_CONVERSION = YES;
				CLANG_WARN_INFINITE_RECURSION = YES;
				CLANG_WARN_INT_CONVERSION = YES;
				CLANG_WARN_NON_LITERAL_NULL_CONVERSION = YES;
				CLANG_WARN_OBJC_IMPLICIT_RETAIN_SELF = YES;
				CLANG_WARN_OBJC_LITERAL_CONVERSION = YES;
				CLANG_WARN_OBJC_ROOT_CLASS = YES_ERROR;
				CLANG_WARN_QUOTED_INCLUDE_IN_FRAMEWORK_HEADER = YES;
				CLANG_WARN_RANGE_LOOP_ANALYSIS = YES;
				CLANG_WARN_STRICT_PROTOTYPES = YES;
				CLANG_WARN_SUSPICIOUS_MOVE = YES;
				CLANG_WARN_UNGUARDED_AVAILABILITY = YES_AGGRESSIVE;
				CLANG_WARN_UNREACHABLE_CODE = YES;
				CLANG_WARN__DUPLICATE_METHOD_MATCH = YES;
				COPY_PHASE_STRIP = NO;
				DEBUG_INFORMATION_FORMAT = dwarf;
				ENABLE_STRICT_OBJC_MSGSEND = YES;
				ENABLE_TESTABILITY = YES;
				GCC_C_LANGUAGE_STANDARD = gnu11;
				GCC_DYNAMIC_NO_PIC = NO;
				GCC_NO_COMMON_BLOCKS = YES;
				GCC_OPTIMIZATION_LEVEL = 0;
				GCC_PREPROCESSOR_DEFINITIONS = (
					"DEBUG=1",
					"$(inherited)",
				);
				GCC_WARN_64_TO_32_BIT_CONVERSION = YES;
				GCC_WARN_ABOUT_RETURN_TYPE = YES_ERROR;
				GCC_WARN_UNDECLARED_SELECTOR = YES;
				GCC_WARN_UNINITIALIZED_AUTOS = YES_AGGRESSIVE;
				GCC_WARN_UNUSED_FUNCTION = YES;
				GCC_WARN_UNUSED_VARIABLE = YES;
				IPHONEOS_DEPLOYMENT_TARGET = 13.0;
				MTL_ENABLE_DEBUG_INFO = INCLUDE_SOURCE;
				MTL_FAST_MATH = YES;
				ONLY_ACTIVE_ARCH = YES;
				SDKROOT = iphoneos;
				SWIFT_ACTIVE_COMPILATION_CONDITIONS = DEBUG;
				SWIFT_OPTIMIZATION_LEVEL = "-Onone";
			};
			name = Debug;
		};
		540B1EBD283268C7008DB71C /* Release */ = {
			isa = XCBuildConfiguration;
			buildSettings = {
				ALWAYS_SEARCH_USER_PATHS = NO;
				CLANG_ANALYZER_NONNULL = YES;
				CLANG_ANALYZER_NUMBER_OBJECT_CONVERSION = YES_AGGRESSIVE;
				CLANG_CXX_LANGUAGE_STANDARD = "gnu++17";
				CLANG_ENABLE_MODULES = YES;
				CLANG_ENABLE_OBJC_ARC = YES;
				CLANG_ENABLE_OBJC_WEAK = YES;
				CLANG_WARN_BLOCK_CAPTURE_AUTORELEASING = YES;
				CLANG_WARN_BOOL_CONVERSION = YES;
				CLANG_WARN_COMMA = YES;
				CLANG_WARN_CONSTANT_CONVERSION = YES;
				CLANG_WARN_DEPRECATED_OBJC_IMPLEMENTATIONS = YES;
				CLANG_WARN_DIRECT_OBJC_ISA_USAGE = YES_ERROR;
				CLANG_WARN_DOCUMENTATION_COMMENTS = YES;
				CLANG_WARN_EMPTY_BODY = YES;
				CLANG_WARN_ENUM_CONVERSION = YES;
				CLANG_WARN_INFINITE_RECURSION = YES;
				CLANG_WARN_INT_CONVERSION = YES;
				CLANG_WARN_NON_LITERAL_NULL_CONVERSION = YES;
				CLANG_WARN_OBJC_IMPLICIT_RETAIN_SELF = YES;
				CLANG_WARN_OBJC_LITERAL_CONVERSION = YES;
				CLANG_WARN_OBJC_ROOT_CLASS = YES_ERROR;
				CLANG_WARN_QUOTED_INCLUDE_IN_FRAMEWORK_HEADER = YES;
				CLANG_WARN_RANGE_LOOP_ANALYSIS = YES;
				CLANG_WARN_STRICT_PROTOTYPES = YES;
				CLANG_WARN_SUSPICIOUS_MOVE = YES;
				CLANG_WARN_UNGUARDED_AVAILABILITY = YES_AGGRESSIVE;
				CLANG_WARN_UNREACHABLE_CODE = YES;
				CLANG_WARN__DUPLICATE_METHOD_MATCH = YES;
				COPY_PHASE_STRIP = NO;
				DEBUG_INFORMATION_FORMAT = "dwarf-with-dsym";
				ENABLE_NS_ASSERTIONS = NO;
				ENABLE_STRICT_OBJC_MSGSEND = YES;
				GCC_C_LANGUAGE_STANDARD = gnu11;
				GCC_NO_COMMON_BLOCKS = YES;
				GCC_WARN_64_TO_32_BIT_CONVERSION = YES;
				GCC_WARN_ABOUT_RETURN_TYPE = YES_ERROR;
				GCC_WARN_UNDECLARED_SELECTOR = YES;
				GCC_WARN_UNINITIALIZED_AUTOS = YES_AGGRESSIVE;
				GCC_WARN_UNUSED_FUNCTION = YES;
				GCC_WARN_UNUSED_VARIABLE = YES;
				IPHONEOS_DEPLOYMENT_TARGET = 13.0;
				MTL_ENABLE_DEBUG_INFO = NO;
				MTL_FAST_MATH = YES;
				SDKROOT = iphoneos;
				SWIFT_COMPILATION_MODE = wholemodule;
				SWIFT_OPTIMIZATION_LEVEL = "-O";
				VALIDATE_PRODUCT = YES;
			};
			name = Release;
		};
		540B1EBF283268C7008DB71C /* Debug */ = {
			isa = XCBuildConfiguration;
			buildSettings = {
				ASSETCATALOG_COMPILER_APPICON_NAME = AppIcon;
				ASSETCATALOG_COMPILER_GLOBAL_ACCENT_COLOR_NAME = AccentColor;
				CODE_SIGN_STYLE = Automatic;
				CURRENT_PROJECT_VERSION = 1;
				DEVELOPMENT_TEAM = 2QS9CREZT2;
				GENERATE_INFOPLIST_FILE = YES;
				INFOPLIST_FILE = AdvancedExample/Info.plist;
				INFOPLIST_KEY_UIApplicationSupportsIndirectInputEvents = YES;
				INFOPLIST_KEY_UILaunchStoryboardName = LaunchScreen;
				INFOPLIST_KEY_UIMainStoryboardFile = Main;
				INFOPLIST_KEY_UIRequiresFullScreen = YES;
				INFOPLIST_KEY_UISupportedInterfaceOrientations_iPad = "UIInterfaceOrientationPortrait UIInterfaceOrientationPortraitUpsideDown UIInterfaceOrientationLandscapeLeft UIInterfaceOrientationLandscapeRight";
				INFOPLIST_KEY_UISupportedInterfaceOrientations_iPhone = "UIInterfaceOrientationPortrait UIInterfaceOrientationLandscapeLeft UIInterfaceOrientationLandscapeRight";
				INFOPLIST_KEY_UIUserInterfaceStyle = Light;
				IPHONEOS_DEPLOYMENT_TARGET = 13.0;
				LD_RUNPATH_SEARCH_PATHS = (
					"$(inherited)",
					"@executable_path/Frameworks",
				);
				MARKETING_VERSION = 1.0.2;
				PRODUCT_BUNDLE_IDENTIFIER = com.dailymotion.AdvancedExample;
				PRODUCT_NAME = "$(TARGET_NAME)";
				SWIFT_EMIT_LOC_STRINGS = YES;
				SWIFT_VERSION = 5.0;
				TARGETED_DEVICE_FAMILY = "1,2";
			};
			name = Debug;
		};
		540B1EC0283268C7008DB71C /* Release */ = {
			isa = XCBuildConfiguration;
			buildSettings = {
				ASSETCATALOG_COMPILER_APPICON_NAME = AppIcon;
				ASSETCATALOG_COMPILER_GLOBAL_ACCENT_COLOR_NAME = AccentColor;
				CODE_SIGN_STYLE = Automatic;
				CURRENT_PROJECT_VERSION = 1;
				DEVELOPMENT_TEAM = 2QS9CREZT2;
				GENERATE_INFOPLIST_FILE = YES;
				INFOPLIST_FILE = AdvancedExample/Info.plist;
				INFOPLIST_KEY_UIApplicationSupportsIndirectInputEvents = YES;
				INFOPLIST_KEY_UILaunchStoryboardName = LaunchScreen;
				INFOPLIST_KEY_UIMainStoryboardFile = Main;
				INFOPLIST_KEY_UIRequiresFullScreen = YES;
				INFOPLIST_KEY_UISupportedInterfaceOrientations_iPad = "UIInterfaceOrientationPortrait UIInterfaceOrientationPortraitUpsideDown UIInterfaceOrientationLandscapeLeft UIInterfaceOrientationLandscapeRight";
				INFOPLIST_KEY_UISupportedInterfaceOrientations_iPhone = "UIInterfaceOrientationPortrait UIInterfaceOrientationLandscapeLeft UIInterfaceOrientationLandscapeRight";
				INFOPLIST_KEY_UIUserInterfaceStyle = Light;
				IPHONEOS_DEPLOYMENT_TARGET = 13.0;
				LD_RUNPATH_SEARCH_PATHS = (
					"$(inherited)",
					"@executable_path/Frameworks",
				);
				MARKETING_VERSION = 1.0.2;
				PRODUCT_BUNDLE_IDENTIFIER = com.dailymotion.AdvancedExample;
				PRODUCT_NAME = "$(TARGET_NAME)";
				SWIFT_EMIT_LOC_STRINGS = YES;
				SWIFT_VERSION = 5.0;
				TARGETED_DEVICE_FAMILY = "1,2";
			};
			name = Release;
		};
/* End XCBuildConfiguration section */

/* Begin XCConfigurationList section */
		540B1EA5283268C2008DB71C /* Build configuration list for PBXProject "AdvancedExample" */ = {
			isa = XCConfigurationList;
			buildConfigurations = (
				540B1EBC283268C7008DB71C /* Debug */,
				540B1EBD283268C7008DB71C /* Release */,
			);
			defaultConfigurationIsVisible = 0;
			defaultConfigurationName = Release;
		};
		540B1EBE283268C7008DB71C /* Build configuration list for PBXNativeTarget "AdvancedExample" */ = {
			isa = XCConfigurationList;
			buildConfigurations = (
				540B1EBF283268C7008DB71C /* Debug */,
				540B1EC0283268C7008DB71C /* Release */,
			);
			defaultConfigurationIsVisible = 0;
			defaultConfigurationName = Release;
		};
/* End XCConfigurationList section */

/* Begin XCRemoteSwiftPackageReference section */
		5454B3CF28CA13B20028ED95 /* XCRemoteSwiftPackageReference "player-sdk-ios" */ = {
			isa = XCRemoteSwiftPackageReference;
			repositoryURL = "https://github.com/dailymotion/player-sdk-ios";
			requirement = {
				branch = main;
				kind = branch;
			};
		};
/* End XCRemoteSwiftPackageReference section */

/* Begin XCSwiftPackageProductDependency section */
		5454B3D028CA13B20028ED95 /* DailymotionPlayerSDK */ = {
			isa = XCSwiftPackageProductDependency;
			package = 5454B3CF28CA13B20028ED95 /* XCRemoteSwiftPackageReference "player-sdk-ios" */;
			productName = DailymotionPlayerSDK;
		};
/* End XCSwiftPackageProductDependency section */
	};
	rootObject = 540B1EA2283268C2008DB71C /* Project object */;
}
