{
  "pins" : [
    {
      "identity" : "player-sdk-ios",
      "kind" : "remoteSourceControl",
      "location" : "https://github.com/dailymotion/player-sdk-ios",
      "state" : {
        "branch" : "main",
        "revision" : "05c732a313ba2b41d25526896ca02a691b4d349b"
      }
    }
  ],
  "version" : 2
}
